
Microsoft Visual Studio Solution File, Format Version 12.00
# Visual Studio Version 17
VisualStudioVersion = 17.12.35527.113
MinimumVisualStudioVersion = 10.0.40219.1
Project("{FAE04EC0-301F-11D3-BF4B-00C04F79EFBC}") = "Beyond.TodoProject.ConsoleApp", "Beyond.TodoProject.Console\Beyond.TodoProject.ConsoleApp.csproj", "{A990715C-3C53-4558-86AF-2BA3EF147105}"
EndProject
Project("{2150E333-8FDC-42A3-9474-1A3956D46DE8}") = "Core", "Core", "{03315774-D52B-43ED-BF5A-A2312469709E}"
EndProject
Project("{2150E333-8FDC-42A3-9474-1A3956D46DE8}") = "Infraestructure", "Infraestructure", "{277B57D1-0F4D-4FF9-9C74-50C42A1C0AA9}"
EndProject
Project("{2150E333-8FDC-42A3-9474-1A3956D46DE8}") = "Presentation", "Presentation", "{CE0D4F9F-0BDC-4143-B6DB-23E3EC4C2503}"
EndProject
Project("{2150E333-8FDC-42A3-9474-1A3956D46DE8}") = "Tests", "Tests", "{46E358DF-B4C1-4122-8A7A-912BB81E6F19}"
EndProject
Project("{FAE04EC0-301F-11D3-BF4B-00C04F79EFBC}") = "Beyond.TodoProject.Domain", "Beyond.TodoProject\Beyond.TodoProject.Domain.csproj", "{A8E93372-128C-47C4-B152-7644C99C7327}"
EndProject
Project("{FAE04EC0-301F-11D3-BF4B-00C04F79EFBC}") = "Beyond.TodoProject.Application", "Beyond.TodoProject.Application\Beyond.TodoProject.Application.csproj", "{065C4871-EB3A-4347-BE22-4294BF409EFA}"
EndProject
Project("{FAE04EC0-301F-11D3-BF4B-00C04F79EFBC}") = "Beyond.TodoProject.Infraestructure", "Beyond.TodoProject.Infraestructure\Beyond.TodoProject.Infraestructure.csproj", "{ACBDC58A-745E-4AED-B517-9CA1D7027CF2}"
EndProject
Project("{FAE04EC0-301F-11D3-BF4B-00C04F79EFBC}") = "Beyond.TodoProject.Tests", "Beyond.TodoProject.Tests\Beyond.TodoProject.Tests.csproj", "{414EC5E4-E66D-492C-8954-202830084F02}"
EndProject
Project("{FAE04EC0-301F-11D3-BF4B-00C04F79EFBC}") = "Beyond.TodoProject.WebApi", "Beyond.TodoProject.WebApi\Beyond.TodoProject.WebApi.csproj", "{6EFAEDCF-C615-43DF-BEDB-24998C61D5A4}"
EndProject
Global
	GlobalSection(SolutionConfigurationPlatforms) = preSolution
		Debug|Any CPU = Debug|Any CPU
		Release|Any CPU = Release|Any CPU
	EndGlobalSection
	GlobalSection(ProjectConfigurationPlatforms) = postSolution
		{A990715C-3C53-4558-86AF-2BA3EF147105}.Debug|Any CPU.ActiveCfg = Debug|Any CPU
		{A990715C-3C53-4558-86AF-2BA3EF147105}.Debug|Any CPU.Build.0 = Debug|Any CPU
		{A990715C-3C53-4558-86AF-2BA3EF147105}.Release|Any CPU.ActiveCfg = Release|Any CPU
		{A990715C-3C53-4558-86AF-2BA3EF147105}.Release|Any CPU.Build.0 = Release|Any CPU
		{A8E93372-128C-47C4-B152-7644C99C7327}.Debug|Any CPU.ActiveCfg = Debug|Any CPU
		{A8E93372-128C-47C4-B152-7644C99C7327}.Debug|Any CPU.Build.0 = Debug|Any CPU
		{A8E93372-128C-47C4-B152-7644C99C7327}.Release|Any CPU.ActiveCfg = Release|Any CPU
		{A8E93372-128C-47C4-B152-7644C99C7327}.Release|Any CPU.Build.0 = Release|Any CPU
		{065C4871-EB3A-4347-BE22-4294BF409EFA}.Debug|Any CPU.ActiveCfg = Debug|Any CPU
		{065C4871-EB3A-4347-BE22-4294BF409EFA}.Debug|Any CPU.Build.0 = Debug|Any CPU
		{065C4871-EB3A-4347-BE22-4294BF409EFA}.Release|Any CPU.ActiveCfg = Release|Any CPU
		{065C4871-EB3A-4347-BE22-4294BF409EFA}.Release|Any CPU.Build.0 = Release|Any CPU
		{ACBDC58A-745E-4AED-B517-9CA1D7027CF2}.Debug|Any CPU.ActiveCfg = Debug|Any CPU
		{ACBDC58A-745E-4AED-B517-9CA1D7027CF2}.Debug|Any CPU.Build.0 = Debug|Any CPU
		{ACBDC58A-745E-4AED-B517-9CA1D7027CF2}.Release|Any CPU.ActiveCfg = Release|Any CPU
		{ACBDC58A-745E-4AED-B517-9CA1D7027CF2}.Release|Any CPU.Build.0 = Release|Any CPU
		{414EC5E4-E66D-492C-8954-202830084F02}.Debug|Any CPU.ActiveCfg = Debug|Any CPU
		{414EC5E4-E66D-492C-8954-202830084F02}.Debug|Any CPU.Build.0 = Debug|Any CPU
		{414EC5E4-E66D-492C-8954-202830084F02}.Release|Any CPU.ActiveCfg = Release|Any CPU
		{414EC5E4-E66D-492C-8954-202830084F02}.Release|Any CPU.Build.0 = Release|Any CPU
		{6EFAEDCF-C615-43DF-BEDB-24998C61D5A4}.Debug|Any CPU.ActiveCfg = Debug|Any CPU
		{6EFAEDCF-C615-43DF-BEDB-24998C61D5A4}.Debug|Any CPU.Build.0 = Debug|Any CPU
		{6EFAEDCF-C615-43DF-BEDB-24998C61D5A4}.Release|Any CPU.ActiveCfg = Release|Any CPU
		{6EFAEDCF-C615-43DF-BEDB-24998C61D5A4}.Release|Any CPU.Build.0 = Release|Any CPU
	EndGlobalSection
	GlobalSection(SolutionProperties) = preSolution
		HideSolutionNode = FALSE
	EndGlobalSection
	GlobalSection(NestedProjects) = preSolution
		{A990715C-3C53-4558-86AF-2BA3EF147105} = {CE0D4F9F-0BDC-4143-B6DB-23E3EC4C2503}
		{A8E93372-128C-47C4-B152-7644C99C7327} = {03315774-D52B-43ED-BF5A-A2312469709E}
		{065C4871-EB3A-4347-BE22-4294BF409EFA} = {03315774-D52B-43ED-BF5A-A2312469709E}
		{ACBDC58A-745E-4AED-B517-9CA1D7027CF2} = {277B57D1-0F4D-4FF9-9C74-50C42A1C0AA9}
		{414EC5E4-E66D-492C-8954-202830084F02} = {46E358DF-B4C1-4122-8A7A-912BB81E6F19}
		{6EFAEDCF-C615-43DF-BEDB-24998C61D5A4} = {CE0D4F9F-0BDC-4143-B6DB-23E3EC4C2503}
	EndGlobalSection
EndGlobal
